
Microsoft Visual Studio Solution File, Format Version 12.00
Project("{FAE04EC0-301F-11D3-BF4B-00C04F79EFBC}") = "GarlicBread", "GarlicBread.csproj", "{CDEEAC4F-06F4-4838-8A8F-D09A6F6926FA}"
EndProject
Global
	GlobalSection(SolutionConfigurationPlatforms) = preSolution
		Debug|Any CPU = Debug|Any CPU
		Release|Any CPU = Release|Any CPU
	EndGlobalSection
	GlobalSection(ProjectConfigurationPlatforms) = postSolution
		{97E9BDDC-D1C2-4D46-866D-5B3125A40EE8}.Debug|Any CPU.ActiveCfg = Debug|Any CPU
		{97E9BDDC-D1C2-4D46-866D-5B3125A40EE8}.Debug|Any CPU.Build.0 = Debug|Any CPU
		{97E9BDDC-D1C2-4D46-866D-5B3125A40EE8}.Release|Any CPU.ActiveCfg = Release|Any CPU
		{97E9BDDC-D1C2-4D46-866D-5B3125A40EE8}.Release|Any CPU.Build.0 = Release|Any CPU
		{CDEEAC4F-06F4-4838-8A8F-D09A6F6926FA}.Debug|Any CPU.ActiveCfg = Debug|Any CPU
		{CDEEAC4F-06F4-4838-8A8F-D09A6F6926FA}.Debug|Any CPU.Build.0 = Debug|Any CPU
		{CDEEAC4F-06F4-4838-8A8F-D09A6F6926FA}.Release|Any CPU.ActiveCfg = Release|Any CPU
		{CDEEAC4F-06F4-4838-8A8F-D09A6F6926FA}.Release|Any CPU.Build.0 = Release|Any CPU
	EndGlobalSection
EndGlobal
